<?xml version="1.0" encoding="utf-8"?>
<Project ToolsVersion="4.0" xmlns="http://schemas.microsoft.com/developer/msbuild/2003">
  <ItemGroup>
    <ClCompile Include="AnimatedSprite.cpp" />
    <ClCompile Include="Component.cpp" />
    <ClCompile Include="Engine.cpp" />
    <ClCompile Include="Engine_Register.cpp" />
    <ClCompile Include="Entity.cpp" />
    <ClCompile Include="InputSystem.cpp" />
    <ClCompile Include="FontSprite.cpp" />
    <ClCompile Include="Renderable.cpp" />
    <ClCompile Include="json.cpp" />
    <ClCompile Include="mersenne.cpp" />
    <ClCompile Include="Object.cpp" />
    <ClCompile Include="EngineTime.cpp" />
    <ClCompile Include="RenderSystem.cpp" />
    <ClCompile Include="Sprite.cpp" />
    <ClCompile Include="TypeClass.cpp" />
    <ClCompile Include="Player.cpp" />
  </ItemGroup>
  <ItemGroup>
    <ClInclude Include="AnimatedSprite.h" />
    <ClInclude Include="Component.h" />
    <ClInclude Include="Engine.h" />
    <ClInclude Include="EngineCore.h" />
    <ClInclude Include="Entity.h" />
    <ClInclude Include="InputSystem.h" />
    <ClInclude Include="FontSprite.h" />
    <ClInclude Include="Renderable.h" />
    <ClInclude Include="json.hpp" />
    <ClInclude Include="Object.h" />
    <ClInclude Include="EngineTime.h" />
    <ClInclude Include="randomc.h" />
    <ClInclude Include="RenderSystem.h" />
    <ClInclude Include="Sprite.h" />
    <ClInclude Include="StandardTypes.h" />
    <ClInclude Include="TypeClass.h" />
    <ClInclude Include="Player.h" />
    <ClCompile Include="Component.cpp">
      <Filter>Source Files\Components</Filter>
    </ClCompile>
    <ClCompile Include="Engine.cpp">
      <Filter>Source Files\Systems</Filter>
    </ClCompile>
    <ClCompile Include="EngineTime.cpp">
      <Filter>Source Files\Systems</Filter>
    </ClCompile>
    <ClCompile Include="Entity.cpp">
      <Filter>Source Files\Systems</Filter>
    </ClCompile>
    <ClCompile Include="Renderable.cpp">
      <Filter>Source Files\Systems</Filter>
    </ClCompile>
    <ClCompile Include="Object.cpp">
      <Filter>Source Files\Core</Filter>
    </ClCompile>
    <ClCompile Include="RenderSystem.cpp">
      <Filter>Source Files\Systems</Filter>
    </ClCompile>
    <ClCompile Include="Sprite.cpp">
      <Filter>Source Files\Components</Filter>
    </ClCompile>
    <ClCompile Include="Engine_Register.cpp">
      <Filter>Source Files\Core</Filter>
    </ClCompile>
    <ClCompile Include="json.cpp">
      <Filter>Source Files\Core</Filter>
    </ClCompile>
    <ClCompile Include="mersenne.cpp">
      <Filter>Source Files\Core</Filter>
    </ClCompile>
    <ClCompile Include="TypeClass.cpp">
      <Filter>Source Files\Core</Filter>
    </ClCompile>
    <ClCompile Include="AnimatedSprite.cpp">
      <Filter>Source Files\Components</Filter>
    </ClCompile>
    <ClCompile Include="FontSprite.cpp">
      <Filter>Source Files\Components</Filter>
    </ClCompile>
    <ClCompile Include="SceneManager.cpp">
      <Filter>Source Files\Systems</Filter>
    </ClCompile>
    <ClCompile Include="Scene.cpp">
      <Filter>Source Files\Systems</Filter>
    </ClCompile>
  </ItemGroup>
  <ItemGroup>
    <ClInclude Include="Component.h">
      <Filter>Header Files\Components</Filter>
    </ClInclude>
    <ClInclude Include="Engine.h">
      <Filter>Header Files\Systems</Filter>
    </ClInclude>
    <ClInclude Include="EngineTime.h">
      <Filter>Header Files\Systems</Filter>
    </ClInclude>
    <ClInclude Include="Entity.h">
      <Filter>Header Files\Systems</Filter>
    </ClInclude>
    <ClInclude Include="Renderable.h">
      <Filter>Header Files\Systems</Filter>
    </ClInclude>
    <ClInclude Include="Object.h">
      <Filter>Header Files\Core</Filter>
    </ClInclude>
    <ClInclude Include="RenderSystem.h">
      <Filter>Header Files\Systems</Filter>
    </ClInclude>
    <ClInclude Include="Sprite.h">
      <Filter>Header Files\Components</Filter>
    </ClInclude>
    <ClInclude Include="EngineCore.h">
      <Filter>Header Files\Core</Filter>
    </ClInclude>
    <ClInclude Include="json.hpp">
      <Filter>Header Files\Core</Filter>
    </ClInclude>
    <ClInclude Include="randomc.h">
      <Filter>Header Files\Core</Filter>
    </ClInclude>
    <ClInclude Include="StandardTypes.h">
      <Filter>Header Files\Core</Filter>
    </ClInclude>
    <ClInclude Include="TypeClass.h">
      <Filter>Header Files\Core</Filter>
    </ClInclude>
    <ClInclude Include="AnimatedSprite.h">
      <Filter>Header Files\Components</Filter>
    </ClInclude>
    <ClInclude Include="FontSprite.h">
      <Filter>Header Files\Components</Filter>
    </ClInclude>
    <ClInclude Include="SceneManager.h">
      <Filter>Header Files\Systems</Filter>
    </ClInclude>
    <ClInclude Include="Scene.h">
      <Filter>Header Files\Systems</Filter>
    </ClInclude>
  </ItemGroup>
</Project>